
Microsoft Visual Studio Solution File, Format Version 12.00
# Visual Studio Version 17
VisualStudioVersion = 17.10.34928.147
MinimumVisualStudioVersion = 10.0.40219.1
Project("{9A19103F-16F7-4668-BE54-9A1E7A4F7556}") = "DigitalWallet.Domain", "DigitalWallet.Domain\DigitalWallet.Domain.csproj", "{AFA6F987-DAB2-4530-AB78-52B9FDFB2C5B}"
EndProject
Project("{9A19103F-16F7-4668-BE54-9A1E7A4F7556}") = "DigitalWallet.Infrastructure", "DigitalWallet.Infrastructure\DigitalWallet.Infrastructure.csproj", "{F4416CE7-1A0D-4DB2-8FA4-85AA859BD3B7}"
EndProject
Project("{9A19103F-16F7-4668-BE54-9A1E7A4F7556}") = "DigitalWallet.Application", "DigitalWallet.Application\DigitalWallet.Application.csproj", "{7E3BD570-73B2-4825-80FC-79A7818EFDCD}"
EndProject
Global
	GlobalSection(SolutionConfigurationPlatforms) = preSolution
		Debug|Any CPU = Debug|Any CPU
		Release|Any CPU = Release|Any CPU
	EndGlobalSection
	GlobalSection(ProjectConfigurationPlatforms) = postSolution
		{AFA6F987-DAB2-4530-AB78-52B9FDFB2C5B}.Debug|Any CPU.ActiveCfg = Debug|Any CPU
		{AFA6F987-DAB2-4530-AB78-52B9FDFB2C5B}.Debug|Any CPU.Build.0 = Debug|Any CPU
		{AFA6F987-DAB2-4530-AB78-52B9FDFB2C5B}.Release|Any CPU.ActiveCfg = Release|Any CPU
		{AFA6F987-DAB2-4530-AB78-52B9FDFB2C5B}.Release|Any CPU.Build.0 = Release|Any CPU
		{F4416CE7-1A0D-4DB2-8FA4-85AA859BD3B7}.Debug|Any CPU.ActiveCfg = Debug|Any CPU
		{F4416CE7-1A0D-4DB2-8FA4-85AA859BD3B7}.Debug|Any CPU.Build.0 = Debug|Any CPU
		{F4416CE7-1A0D-4DB2-8FA4-85AA859BD3B7}.Release|Any CPU.ActiveCfg = Release|Any CPU
		{F4416CE7-1A0D-4DB2-8FA4-85AA859BD3B7}.Release|Any CPU.Build.0 = Release|Any CPU
		{7E3BD570-73B2-4825-80FC-79A7818EFDCD}.Debug|Any CPU.ActiveCfg = Debug|Any CPU
		{7E3BD570-73B2-4825-80FC-79A7818EFDCD}.Debug|Any CPU.Build.0 = Debug|Any CPU
		{7E3BD570-73B2-4825-80FC-79A7818EFDCD}.Release|Any CPU.ActiveCfg = Release|Any CPU
		{7E3BD570-73B2-4825-80FC-79A7818EFDCD}.Release|Any CPU.Build.0 = Release|Any CPU
	EndGlobalSection
	GlobalSection(SolutionProperties) = preSolution
		HideSolutionNode = FALSE
	EndGlobalSection
	GlobalSection(ExtensibilityGlobals) = postSolution
		SolutionGuid = {97D58AA4-D6E3-456E-9E80-26F25FDCA6D3}
	EndGlobalSection
EndGlobal
